
Microsoft Visual Studio Solution File, Format Version 12.00
# Visual Studio Version 16
VisualStudioVersion = 16.0.31410.357
MinimumVisualStudioVersion = 10.0.40219.1
Project("{FAE04EC0-301F-11D3-BF4B-00C04F79EFBC}") = "TaskLightlamp", "TaskLightlamp\TaskLightlamp.csproj", "{CD30FE02-02B3-43A4-9269-139BC977955B}"
EndProject
Global
	GlobalSection(SolutionConfigurationPlatforms) = preSolution
		Debug|Any CPU = Debug|Any CPU
		Release|Any CPU = Release|Any CPU
	EndGlobalSection
	GlobalSection(ProjectConfigurationPlatforms) = postSolution
		{CD30FE02-02B3-43A4-9269-139BC977955B}.Debug|Any CPU.ActiveCfg = Debug|Any CPU
		{CD30FE02-02B3-43A4-9269-139BC977955B}.Debug|Any CPU.Build.0 = Debug|Any CPU
		{CD30FE02-02B3-43A4-9269-139BC977955B}.Release|Any CPU.ActiveCfg = Release|Any CPU
		{CD30FE02-02B3-43A4-9269-139BC977955B}.Release|Any CPU.Build.0 = Release|Any CPU
	EndGlobalSection
	GlobalSection(SolutionProperties) = preSolution
		HideSolutionNode = FALSE
	EndGlobalSection
	GlobalSection(ExtensibilityGlobals) = postSolution
		SolutionGuid = {6C01B298-BA0C-429D-A1CE-ED56CCC7E8FC}
	EndGlobalSection
EndGlobal
